// !$*UTF8*$!
{
	archiveVersion = 1;
	classes = {
	};
	objectVersion = 46;
	objects = {

/* Begin PBXBuildFile section */
		2CDFE8433186DC74B0DB7542 /* libPods-MYPlaceHolder.a in Frameworks */ = {isa = PBXBuildFile; fileRef = A3637FA45456D73DCCCEC7E9 /* libPods-MYPlaceHolder.a */; };
		4C611D0D1EE648C80067577F /* main.m in Sources */ = {isa = PBXBuildFile; fileRef = 4C611D0C1EE648C80067577F /* main.m */; };
		4C611D101EE648C80067577F /* AppDelegate.m in Sources */ = {isa = PBXBuildFile; fileRef = 4C611D0F1EE648C80067577F /* AppDelegate.m */; };
		4C611D131EE648C80067577F /* ViewController.m in Sources */ = {isa = PBXBuildFile; fileRef = 4C611D121EE648C80067577F /* ViewController.m */; };
		4C611D161EE648C80067577F /* Main.storyboard in Resources */ = {isa = PBXBuildFile; fileRef = 4C611D141EE648C80067577F /* Main.storyboard */; };
		4C611D181EE648C80067577F /* Assets.xcassets in Resources */ = {isa = PBXBuildFile; fileRef = 4C611D171EE648C80067577F /* Assets.xcassets */; };
		4C611D1B1EE648C80067577F /* LaunchScreen.storyboard in Resources */ = {isa = PBXBuildFile; fileRef = 4C611D191EE648C80067577F /* LaunchScreen.storyboard */; };
		4C611D261EE648C80067577F /* MYPlaceHolderTests.m in Sources */ = {isa = PBXBuildFile; fileRef = 4C611D251EE648C80067577F /* MYPlaceHolderTests.m */; };
		4C611D311EE648C80067577F /* MYPlaceHolderUITests.m in Sources */ = {isa = PBXBuildFile; fileRef = 4C611D301EE648C80067577F /* MYPlaceHolderUITests.m */; };
		4C611D421EE64A990067577F /* UITableView+PlaceHolder.m in Sources */ = {isa = PBXBuildFile; fileRef = 4C611D411EE64A990067577F /* UITableView+PlaceHolder.m */; };
		4C611D481EE64D750067577F /* UICollectionView+PlaceHolder.m in Sources */ = {isa = PBXBuildFile; fileRef = 4C611D471EE64D750067577F /* UICollectionView+PlaceHolder.m */; };
/* End PBXBuildFile section */

/* Begin PBXContainerItemProxy section */
		4C611D221EE648C80067577F /* PBXContainerItemProxy */ = {
			isa = PBXContainerItemProxy;
			containerPortal = 4C611D001EE648C80067577F /* Project object */;
			proxyType = 1;
			remoteGlobalIDString = 4C611D071EE648C80067577F;
			remoteInfo = MYPlaceHolder;
		};
		4C611D2D1EE648C80067577F /* PBXContainerItemProxy */ = {
			isa = PBXContainerItemProxy;
			containerPortal = 4C611D001EE648C80067577F /* Project object */;
			proxyType = 1;
			remoteGlobalIDString = 4C611D071EE648C80067577F;
			remoteInfo = MYPlaceHolder;
		};
/* End PBXContainerItemProxy section */

/* Begin PBXFileReference section */
		4C611D081EE648C80067577F /* MYPlaceHolder.app */ = {isa = PBXFileReference; explicitFileType = wrapper.application; includeInIndex = 0; path = MYPlaceHolder.app; sourceTree = BUILT_PRODUCTS_DIR; };
		4C611D0C1EE648C80067577F /* main.m */ = {isa = PBXFileReference; lastKnownFileType = sourcecode.c.objc; path = main.m; sourceTree = "<group>"; };
		4C611D0E1EE648C80067577F /* AppDelegate.h */ = {isa = PBXFileReference; lastKnownFileType = sourcecode.c.h; path = AppDelegate.h; sourceTree = "<group>"; };
		4C611D0F1EE648C80067577F /* AppDelegate.m */ = {isa = PBXFileReference; lastKnownFileType = sourcecode.c.objc; path = AppDelegate.m; sourceTree = "<group>"; };
		4C611D111EE648C80067577F /* ViewController.h */ = {isa = PBXFileReference; lastKnownFileType = sourcecode.c.h; path = ViewController.h; sourceTree = "<group>"; };
		4C611D121EE648C80067577F /* ViewController.m */ = {isa = PBXFileReference; lastKnownFileType = sourcecode.c.objc; path = ViewController.m; sourceTree = "<group>"; };
		4C611D151EE648C80067577F /* Base */ = {isa = PBXFileReference; lastKnownFileType = file.storyboard; name = Base; path = Base.lproj/Main.storyboard; sourceTree = "<group>"; };
		4C611D171EE648C80067577F /* Assets.xcassets */ = {isa = PBXFileReference; lastKnownFileType = folder.assetcatalog; path = Assets.xcassets; sourceTree = "<group>"; };
		4C611D1A1EE648C80067577F /* Base */ = {isa = PBXFileReference; lastKnownFileType = file.storyboard; name = Base; path = Base.lproj/LaunchScreen.storyboard; sourceTree = "<group>"; };
		4C611D1C1EE648C80067577F /* Info.plist */ = {isa = PBXFileReference; lastKnownFileType = text.plist.xml; path = Info.plist; sourceTree = "<group>"; };
		4C611D211EE648C80067577F /* MYPlaceHolderTests.xctest */ = {isa = PBXFileReference; explicitFileType = wrapper.cfbundle; includeInIndex = 0; path = MYPlaceHolderTests.xctest; sourceTree = BUILT_PRODUCTS_DIR; };
		4C611D251EE648C80067577F /* MYPlaceHolderTests.m */ = {isa = PBXFileReference; lastKnownFileType = sourcecode.c.objc; path = MYPlaceHolderTests.m; sourceTree = "<group>"; };
		4C611D271EE648C80067577F /* Info.plist */ = {isa = PBXFileReference; lastKnownFileType = text.plist.xml; path = Info.plist; sourceTree = "<group>"; };
		4C611D2C1EE648C80067577F /* MYPlaceHolderUITests.xctest */ = {isa = PBXFileReference; explicitFileType = wrapper.cfbundle; includeInIndex = 0; path = MYPlaceHolderUITests.xctest; sourceTree = BUILT_PRODUCTS_DIR; };
		4C611D301EE648C80067577F /* MYPlaceHolderUITests.m */ = {isa = PBXFileReference; lastKnownFileType = sourcecode.c.objc; path = MYPlaceHolderUITests.m; sourceTree = "<group>"; };
		4C611D321EE648C80067577F /* Info.plist */ = {isa = PBXFileReference; lastKnownFileType = text.plist.xml; path = Info.plist; sourceTree = "<group>"; };
		4C611D401EE64A990067577F /* UITableView+PlaceHolder.h */ = {isa = PBXFileReference; fileEncoding = 4; lastKnownFileType = sourcecode.c.h; path = "UITableView+PlaceHolder.h"; sourceTree = "<group>"; };
		4C611D411EE64A990067577F /* UITableView+PlaceHolder.m */ = {isa = PBXFileReference; fileEncoding = 4; lastKnownFileType = sourcecode.c.objc; path = "UITableView+PlaceHolder.m"; sourceTree = "<group>"; };
		4C611D451EE64D110067577F /* MYPlaceHolderDelegate.h */ = {isa = PBXFileReference; fileEncoding = 4; lastKnownFileType = sourcecode.c.h; path = MYPlaceHolderDelegate.h; sourceTree = "<group>"; };
		4C611D461EE64D750067577F /* UICollectionView+PlaceHolder.h */ = {isa = PBXFileReference; fileEncoding = 4; lastKnownFileType = sourcecode.c.h; path = "UICollectionView+PlaceHolder.h"; sourceTree = "<group>"; };
		4C611D471EE64D750067577F /* UICollectionView+PlaceHolder.m */ = {isa = PBXFileReference; fileEncoding = 4; lastKnownFileType = sourcecode.c.objc; path = "UICollectionView+PlaceHolder.m"; sourceTree = "<group>"; };
		74955DB1ACEC45217183FAB6 /* Pods-MYPlaceHolder.release.xcconfig */ = {isa = PBXFileReference; includeInIndex = 1; lastKnownFileType = text.xcconfig; name = "Pods-MYPlaceHolder.release.xcconfig"; path = "Pods/Target Support Files/Pods-MYPlaceHolder/Pods-MYPlaceHolder.release.xcconfig"; sourceTree = "<group>"; };
		9BEA63E3BAF53A10BFBB664B /* Pods-MYPlaceHolder.debug.xcconfig */ = {isa = PBXFileReference; includeInIndex = 1; lastKnownFileType = text.xcconfig; name = "Pods-MYPlaceHolder.debug.xcconfig"; path = "Pods/Target Support Files/Pods-MYPlaceHolder/Pods-MYPlaceHolder.debug.xcconfig"; sourceTree = "<group>"; };
		A3637FA45456D73DCCCEC7E9 /* libPods-MYPlaceHolder.a */ = {isa = PBXFileReference; explicitFileType = archive.ar; includeInIndex = 0; path = "libPods-MYPlaceHolder.a"; sourceTree = BUILT_PRODUCTS_DIR; };
/* End PBXFileReference section */

/* Begin PBXFrameworksBuildPhase section */
		4C611D051EE648C80067577F /* Frameworks */ = {
			isa = PBXFrameworksBuildPhase;
			buildActionMask = 2147483647;
			files = (
				2CDFE8433186DC74B0DB7542 /* libPods-MYPlaceHolder.a in Frameworks */,
			);
			runOnlyForDeploymentPostprocessing = 0;
		};
		4C611D1E1EE648C80067577F /* Frameworks */ = {
			isa = PBXFrameworksBuildPhase;
			buildActionMask = 2147483647;
			files = (
			);
			runOnlyForDeploymentPostprocessing = 0;
		};
		4C611D291EE648C80067577F /* Frameworks */ = {
			isa = PBXFrameworksBuildPhase;
			buildActionMask = 2147483647;
			files = (
			);
			runOnlyForDeploymentPostprocessing = 0;
		};
/* End PBXFrameworksBuildPhase section */

/* Begin PBXGroup section */
		4C611CFF1EE648C80067577F = {
			isa = PBXGroup;
			children = (
				4C611D0A1EE648C80067577F /* MYPlaceHolder */,
				4C611D241EE648C80067577F /* MYPlaceHolderTests */,
				4C611D2F1EE648C80067577F /* MYPlaceHolderUITests */,
				4C611D091EE648C80067577F /* Products */,
				F5782165933BB715579E2ED0 /* Pods */,
				942259602824647690A394D2 /* Frameworks */,
			);
			sourceTree = "<group>";
		};
		4C611D091EE648C80067577F /* Products */ = {
			isa = PBXGroup;
			children = (
				4C611D081EE648C80067577F /* MYPlaceHolder.app */,
				4C611D211EE648C80067577F /* MYPlaceHolderTests.xctest */,
				4C611D2C1EE648C80067577F /* MYPlaceHolderUITests.xctest */,
			);
			name = Products;
			sourceTree = "<group>";
		};
		4C611D0A1EE648C80067577F /* MYPlaceHolder */ = {
			isa = PBXGroup;
			children = (
				4C611D451EE64D110067577F /* MYPlaceHolderDelegate.h */,
				4C611D3E1EE649FB0067577F /* CollectionViewPlaceHolder */,
				4C611D3F1EE649FB0067577F /* TableViewPlaceHolder */,
				4C611D0E1EE648C80067577F /* AppDelegate.h */,
				4C611D0F1EE648C80067577F /* AppDelegate.m */,
				4C611D111EE648C80067577F /* ViewController.h */,
				4C611D121EE648C80067577F /* ViewController.m */,
				4C611D141EE648C80067577F /* Main.storyboard */,
				4C611D171EE648C80067577F /* Assets.xcassets */,
				4C611D191EE648C80067577F /* LaunchScreen.storyboard */,
				4C611D1C1EE648C80067577F /* Info.plist */,
				4C611D0B1EE648C80067577F /* Supporting Files */,
			);
			path = MYPlaceHolder;
			sourceTree = "<group>";
		};
		4C611D0B1EE648C80067577F /* Supporting Files */ = {
			isa = PBXGroup;
			children = (
				4C611D0C1EE648C80067577F /* main.m */,
			);
			name = "Supporting Files";
			sourceTree = "<group>";
		};
		4C611D241EE648C80067577F /* MYPlaceHolderTests */ = {
			isa = PBXGroup;
			children = (
				4C611D251EE648C80067577F /* MYPlaceHolderTests.m */,
				4C611D271EE648C80067577F /* Info.plist */,
			);
			path = MYPlaceHolderTests;
			sourceTree = "<group>";
		};
		4C611D2F1EE648C80067577F /* MYPlaceHolderUITests */ = {
			isa = PBXGroup;
			children = (
				4C611D301EE648C80067577F /* MYPlaceHolderUITests.m */,
				4C611D321EE648C80067577F /* Info.plist */,
			);
			path = MYPlaceHolderUITests;
			sourceTree = "<group>";
		};
		4C611D3E1EE649FB0067577F /* CollectionViewPlaceHolder */ = {
			isa = PBXGroup;
			children = (
				4C611D461EE64D750067577F /* UICollectionView+PlaceHolder.h */,
				4C611D471EE64D750067577F /* UICollectionView+PlaceHolder.m */,
			);
			path = CollectionViewPlaceHolder;
			sourceTree = "<group>";
		};
		4C611D3F1EE649FB0067577F /* TableViewPlaceHolder */ = {
			isa = PBXGroup;
			children = (
				4C611D401EE64A990067577F /* UITableView+PlaceHolder.h */,
				4C611D411EE64A990067577F /* UITableView+PlaceHolder.m */,
			);
			path = TableViewPlaceHolder;
			sourceTree = "<group>";
		};
		942259602824647690A394D2 /* Frameworks */ = {
			isa = PBXGroup;
			children = (
				A3637FA45456D73DCCCEC7E9 /* libPods-MYPlaceHolder.a */,
			);
			name = Frameworks;
			sourceTree = "<group>";
		};
		F5782165933BB715579E2ED0 /* Pods */ = {
			isa = PBXGroup;
			children = (
				9BEA63E3BAF53A10BFBB664B /* Pods-MYPlaceHolder.debug.xcconfig */,
				74955DB1ACEC45217183FAB6 /* Pods-MYPlaceHolder.release.xcconfig */,
			);
			name = Pods;
			sourceTree = "<group>";
		};
/* End PBXGroup section */

/* Begin PBXNativeTarget section */
		4C611D071EE648C80067577F /* MYPlaceHolder */ = {
			isa = PBXNativeTarget;
			buildConfigurationList = 4C611D351EE648C80067577F /* Build configuration list for PBXNativeTarget "MYPlaceHolder" */;
			buildPhases = (
				DDBE52E085BB5733F0CA4B89 /* [CP] Check Pods Manifest.lock */,
				4C611D041EE648C80067577F /* Sources */,
				4C611D051EE648C80067577F /* Frameworks */,
				4C611D061EE648C80067577F /* Resources */,
				6CC34482E4744B354F88CFDD /* [CP] Embed Pods Frameworks */,
				8C3A45E9D1F3C029A2C7C0A0 /* [CP] Copy Pods Resources */,
			);
			buildRules = (
			);
			dependencies = (
			);
			name = MYPlaceHolder;
			productName = MYPlaceHolder;
			productReference = 4C611D081EE648C80067577F /* MYPlaceHolder.app */;
			productType = "com.apple.product-type.application";
		};
		4C611D201EE648C80067577F /* MYPlaceHolderTests */ = {
			isa = PBXNativeTarget;
			buildConfigurationList = 4C611D381EE648C80067577F /* Build configuration list for PBXNativeTarget "MYPlaceHolderTests" */;
			buildPhases = (
				4C611D1D1EE648C80067577F /* Sources */,
				4C611D1E1EE648C80067577F /* Frameworks */,
				4C611D1F1EE648C80067577F /* Resources */,
			);
			buildRules = (
			);
			dependencies = (
				4C611D231EE648C80067577F /* PBXTargetDependency */,
			);
			name = MYPlaceHolderTests;
			productName = MYPlaceHolderTests;
			productReference = 4C611D211EE648C80067577F /* MYPlaceHolderTests.xctest */;
			productType = "com.apple.product-type.bundle.unit-test";
		};
		4C611D2B1EE648C80067577F /* MYPlaceHolderUITests */ = {
			isa = PBXNativeTarget;
			buildConfigurationList = 4C611D3B1EE648C80067577F /* Build configuration list for PBXNativeTarget "MYPlaceHolderUITests" */;
			buildPhases = (
				4C611D281EE648C80067577F /* Sources */,
				4C611D291EE648C80067577F /* Frameworks */,
				4C611D2A1EE648C80067577F /* Resources */,
			);
			buildRules = (
			);
			dependencies = (
				4C611D2E1EE648C80067577F /* PBXTargetDependency */,
			);
			name = MYPlaceHolderUITests;
			productName = MYPlaceHolderUITests;
			productReference = 4C611D2C1EE648C80067577F /* MYPlaceHolderUITests.xctest */;
			productType = "com.apple.product-type.bundle.ui-testing";
		};
/* End PBXNativeTarget section */

/* Begin PBXProject section */
		4C611D001EE648C80067577F /* Project object */ = {
			isa = PBXProject;
			attributes = {
				LastUpgradeCheck = 0830;
				ORGANIZATIONNAME = MYPlaceHolder;
				TargetAttributes = {
					4C611D071EE648C80067577F = {
						CreatedOnToolsVersion = 8.3.2;
						ProvisioningStyle = Automatic;
					};
					4C611D201EE648C80067577F = {
						CreatedOnToolsVersion = 8.3.2;
						ProvisioningStyle = Automatic;
						TestTargetID = 4C611D071EE648C80067577F;
					};
					4C611D2B1EE648C80067577F = {
						CreatedOnToolsVersion = 8.3.2;
						ProvisioningStyle = Automatic;
						TestTargetID = 4C611D071EE648C80067577F;
					};
				};
			};
			buildConfigurationList = 4C611D031EE648C80067577F /* Build configuration list for PBXProject "MYPlaceHolder" */;
			compatibilityVersion = "Xcode 3.2";
			developmentRegion = English;
			hasScannedForEncodings = 0;
			knownRegions = (
				en,
				Base,
			);
			mainGroup = 4C611CFF1EE648C80067577F;
			productRefGroup = 4C611D091EE648C80067577F /* Products */;
			projectDirPath = "";
			projectRoot = "";
			targets = (
				4C611D071EE648C80067577F /* MYPlaceHolder */,
				4C611D201EE648C80067577F /* MYPlaceHolderTests */,
				4C611D2B1EE648C80067577F /* MYPlaceHolderUITests */,
			);
		};
/* End PBXProject section */

/* Begin PBXResourcesBuildPhase section */
		4C611D061EE648C80067577F /* Resources */ = {
			isa = PBXResourcesBuildPhase;
			buildActionMask = 2147483647;
			files = (
				4C611D1B1EE648C80067577F /* LaunchScreen.storyboard in Resources */,
				4C611D181EE648C80067577F /* Assets.xcassets in Resources */,
				4C611D161EE648C80067577F /* Main.storyboard in Resources */,
			);
			runOnlyForDeploymentPostprocessing = 0;
		};
		4C611D1F1EE648C80067577F /* Resources */ = {
			isa = PBXResourcesBuildPhase;
			buildActionMask = 2147483647;
			files = (
			);
			runOnlyForDeploymentPostprocessing = 0;
		};
		4C611D2A1EE648C80067577F /* Resources */ = {
			isa = PBXResourcesBuildPhase;
			buildActionMask = 2147483647;
			files = (
			);
			runOnlyForDeploymentPostprocessing = 0;
		};
/* End PBXResourcesBuildPhase section */

/* Begin PBXShellScriptBuildPhase section */
		6CC34482E4744B354F88CFDD /* [CP] Embed Pods Frameworks */ = {
			isa = PBXShellScriptBuildPhase;
			buildActionMask = 2147483647;
			files = (
			);
			inputPaths = (
			);
			name = "[CP] Embed Pods Frameworks";
			outputPaths = (
			);
			runOnlyForDeploymentPostprocessing = 0;
			shellPath = /bin/sh;
			shellScript = "\"${SRCROOT}/Pods/Target Support Files/Pods-MYPlaceHolder/Pods-MYPlaceHolder-frameworks.sh\"\n";
			showEnvVarsInLog = 0;
		};
		8C3A45E9D1F3C029A2C7C0A0 /* [CP] Copy Pods Resources */ = {
			isa = PBXShellScriptBuildPhase;
			buildActionMask = 2147483647;
			files = (
			);
			inputPaths = (
			);
			name = "[CP] Copy Pods Resources";
			outputPaths = (
			);
			runOnlyForDeploymentPostprocessing = 0;
			shellPath = /bin/sh;
			shellScript = "\"${SRCROOT}/Pods/Target Support Files/Pods-MYPlaceHolder/Pods-MYPlaceHolder-resources.sh\"\n";
			showEnvVarsInLog = 0;
		};
		DDBE52E085BB5733F0CA4B89 /* [CP] Check Pods Manifest.lock */ = {
			isa = PBXShellScriptBuildPhase;
			buildActionMask = 2147483647;
			files = (
			);
			inputPaths = (
			);
			name = "[CP] Check Pods Manifest.lock";
			outputPaths = (
			);
			runOnlyForDeploymentPostprocessing = 0;
			shellPath = /bin/sh;
			shellScript = "diff \"${PODS_ROOT}/../Podfile.lock\" \"${PODS_ROOT}/Manifest.lock\" > /dev/null\nif [ $? != 0 ] ; then\n    # print error to STDERR\n    echo \"error: The sandbox is not in sync with the Podfile.lock. Run 'pod install' or update your CocoaPods installation.\" >&2\n    exit 1\nfi\n";
			showEnvVarsInLog = 0;
		};
/* End PBXShellScriptBuildPhase section */

/* Begin PBXSourcesBuildPhase section */
		4C611D041EE648C80067577F /* Sources */ = {
			isa = PBXSourcesBuildPhase;
			buildActionMask = 2147483647;
			files = (
				4C611D131EE648C80067577F /* ViewController.m in Sources */,
				4C611D481EE64D750067577F /* UICollectionView+PlaceHolder.m in Sources */,
				4C611D101EE648C80067577F /* AppDelegate.m in Sources */,
				4C611D0D1EE648C80067577F /* main.m in Sources */,
				4C611D421EE64A990067577F /* UITableView+PlaceHolder.m in Sources */,
			);
			runOnlyForDeploymentPostprocessing = 0;
		};
		4C611D1D1EE648C80067577F /* Sources */ = {
			isa = PBXSourcesBuildPhase;
			buildActionMask = 2147483647;
			files = (
				4C611D261EE648C80067577F /* MYPlaceHolderTests.m in Sources */,
			);
			runOnlyForDeploymentPostprocessing = 0;
		};
		4C611D281EE648C80067577F /* Sources */ = {
			isa = PBXSourcesBuildPhase;
			buildActionMask = 2147483647;
			files = (
				4C611D311EE648C80067577F /* MYPlaceHolderUITests.m in Sources */,
			);
			runOnlyForDeploymentPostprocessing = 0;
		};
/* End PBXSourcesBuildPhase section */

/* Begin PBXTargetDependency section */
		4C611D231EE648C80067577F /* PBXTargetDependency */ = {
			isa = PBXTargetDependency;
			target = 4C611D071EE648C80067577F /* MYPlaceHolder */;
			targetProxy = 4C611D221EE648C80067577F /* PBXContainerItemProxy */;
		};
		4C611D2E1EE648C80067577F /* PBXTargetDependency */ = {
			isa = PBXTargetDependency;
			target = 4C611D071EE648C80067577F /* MYPlaceHolder */;
			targetProxy = 4C611D2D1EE648C80067577F /* PBXContainerItemProxy */;
		};
/* End PBXTargetDependency section */

/* Begin PBXVariantGroup section */
		4C611D141EE648C80067577F /* Main.storyboard */ = {
			isa = PBXVariantGroup;
			children = (
				4C611D151EE648C80067577F /* Base */,
			);
			name = Main.storyboard;
			sourceTree = "<group>";
		};
		4C611D191EE648C80067577F /* LaunchScreen.storyboard */ = {
			isa = PBXVariantGroup;
			children = (
				4C611D1A1EE648C80067577F /* Base */,
			);
			name = LaunchScreen.storyboard;
			sourceTree = "<group>";
		};
/* End PBXVariantGroup section */

/* Begin XCBuildConfiguration section */
		4C611D331EE648C80067577F /* Debug */ = {
			isa = XCBuildConfiguration;
			buildSettings = {
				ALWAYS_SEARCH_USER_PATHS = NO;
				CLANG_ANALYZER_NONNULL = YES;
				CLANG_ANALYZER_NUMBER_OBJECT_CONVERSION = YES_AGGRESSIVE;
				CLANG_CXX_LANGUAGE_STANDARD = "gnu++0x";
				CLANG_CXX_LIBRARY = "libc++";
				CLANG_ENABLE_MODULES = YES;
				CLANG_ENABLE_OBJC_ARC = YES;
				CLANG_WARN_BOOL_CONVERSION = YES;
				CLANG_WARN_CONSTANT_CONVERSION = YES;
				CLANG_WARN_DIRECT_OBJC_ISA_USAGE = YES_ERROR;
				CLANG_WARN_DOCUMENTATION_COMMENTS = YES;
				CLANG_WARN_EMPTY_BODY = YES;
				CLANG_WARN_ENUM_CONVERSION = YES;
				CLANG_WARN_INFINITE_RECURSION = YES;
				CLANG_WARN_INT_CONVERSION = YES;
				CLANG_WARN_OBJC_ROOT_CLASS = YES_ERROR;
				CLANG_WARN_SUSPICIOUS_MOVE = YES;
				CLANG_WARN_UNREACHABLE_CODE = YES;
				CLANG_WARN__DUPLICATE_METHOD_MATCH = YES;
				"CODE_SIGN_IDENTITY[sdk=iphoneos*]" = "iPhone Developer";
				COPY_PHASE_STRIP = NO;
				DEBUG_INFORMATION_FORMAT = dwarf;
				ENABLE_STRICT_OBJC_MSGSEND = YES;
				ENABLE_TESTABILITY = YES;
				GCC_C_LANGUAGE_STANDARD = gnu99;
				GCC_DYNAMIC_NO_PIC = NO;
				GCC_NO_COMMON_BLOCKS = YES;
				GCC_OPTIMIZATION_LEVEL = 0;
				GCC_PREPROCESSOR_DEFINITIONS = (
					"DEBUG=1",
					"$(inherited)",
				);
				GCC_WARN_64_TO_32_BIT_CONVERSION = YES;
				GCC_WARN_ABOUT_RETURN_TYPE = YES_ERROR;
				GCC_WARN_UNDECLARED_SELECTOR = YES;
				GCC_WARN_UNINITIALIZED_AUTOS = YES_AGGRESSIVE;
				GCC_WARN_UNUSED_FUNCTION = YES;
				GCC_WARN_UNUSED_VARIABLE = YES;
				IPHONEOS_DEPLOYMENT_TARGET = 10.3;
				MTL_ENABLE_DEBUG_INFO = YES;
				ONLY_ACTIVE_ARCH = YES;
				SDKROOT = iphoneos;
				TARGETED_DEVICE_FAMILY = "1,2";
			};
			name = Debug;
		};
		4C611D341EE648C80067577F /* Release */ = {
			isa = XCBuildConfiguration;
			buildSettings = {
				ALWAYS_SEARCH_USER_PATHS = NO;
				CLANG_ANALYZER_NONNULL = YES;
				CLANG_ANALYZER_NUMBER_OBJECT_CONVERSION = YES_AGGRESSIVE;
				CLANG_CXX_LANGUAGE_STANDARD = "gnu++0x";
				CLANG_CXX_LIBRARY = "libc++";
				CLANG_ENABLE_MODULES = YES;
				CLANG_ENABLE_OBJC_ARC = YES;
				CLANG_WARN_BOOL_CONVERSION = YES;
				CLANG_WARN_CONSTANT_CONVERSION = YES;
				CLANG_WARN_DIRECT_OBJC_ISA_USAGE = YES_ERROR;
				CLANG_WARN_DOCUMENTATION_COMMENTS = YES;
				CLANG_WARN_EMPTY_BODY = YES;
				CLANG_WARN_ENUM_CONVERSION = YES;
				CLANG_WARN_INFINITE_RECURSION = YES;
				CLANG_WARN_INT_CONVERSION = YES;
				CLANG_WARN_OBJC_ROOT_CLASS = YES_ERROR;
				CLANG_WARN_SUSPICIOUS_MOVE = YES;
				CLANG_WARN_UNREACHABLE_CODE = YES;
				CLANG_WARN__DUPLICATE_METHOD_MATCH = YES;
				"CODE_SIGN_IDENTITY[sdk=iphoneos*]" = "iPhone Developer";
				COPY_PHASE_STRIP = NO;
				DEBUG_INFORMATION_FORMAT = "dwarf-with-dsym";
				ENABLE_NS_ASSERTIONS = NO;
				ENABLE_STRICT_OBJC_MSGSEND = YES;
				GCC_C_LANGUAGE_STANDARD = gnu99;
				GCC_NO_COMMON_BLOCKS = YES;
				GCC_WARN_64_TO_32_BIT_CONVERSION = YES;
				GCC_WARN_ABOUT_RETURN_TYPE = YES_ERROR;
				GCC_WARN_UNDECLARED_SELECTOR = YES;
				GCC_WARN_UNINITIALIZED_AUTOS = YES_AGGRESSIVE;
				GCC_WARN_UNUSED_FUNCTION = YES;
				GCC_WARN_UNUSED_VARIABLE = YES;
				IPHONEOS_DEPLOYMENT_TARGET = 10.3;
				MTL_ENABLE_DEBUG_INFO = NO;
				SDKROOT = iphoneos;
				TARGETED_DEVICE_FAMILY = "1,2";
				VALIDATE_PRODUCT = YES;
			};
			name = Release;
		};
		4C611D361EE648C80067577F /* Debug */ = {
			isa = XCBuildConfiguration;
			baseConfigurationReference = 9BEA63E3BAF53A10BFBB664B /* Pods-MYPlaceHolder.debug.xcconfig */;
			buildSettings = {
				ASSETCATALOG_COMPILER_APPICON_NAME = AppIcon;
				INFOPLIST_FILE = MYPlaceHolder/Info.plist;
				LD_RUNPATH_SEARCH_PATHS = "$(inherited) @executable_path/Frameworks";
				PRODUCT_BUNDLE_IDENTIFIER = com.51fanxing.MYPlaceHolder;
				PRODUCT_NAME = "$(TARGET_NAME)";
			};
			name = Debug;
		};
		4C611D371EE648C80067577F /* Release */ = {
			isa = XCBuildConfiguration;
			baseConfigurationReference = 74955DB1ACEC45217183FAB6 /* Pods-MYPlaceHolder.release.xcconfig */;
			buildSettings = {
				ASSETCATALOG_COMPILER_APPICON_NAME = AppIcon;
				INFOPLIST_FILE = MYPlaceHolder/Info.plist;
				LD_RUNPATH_SEARCH_PATHS = "$(inherited) @executable_path/Frameworks";
				PRODUCT_BUNDLE_IDENTIFIER = com.51fanxing.MYPlaceHolder;
				PRODUCT_NAME = "$(TARGET_NAME)";
			};
			name = Release;
		};
		4C611D391EE648C80067577F /* Debug */ = {
			isa = XCBuildConfiguration;
			buildSettings = {
				BUNDLE_LOADER = "$(TEST_HOST)";
				INFOPLIST_FILE = MYPlaceHolderTests/Info.plist;
				LD_RUNPATH_SEARCH_PATHS = "$(inherited) @executable_path/Frameworks @loader_path/Frameworks";
				PRODUCT_BUNDLE_IDENTIFIER = com.51fanxing.MYPlaceHolderTests;
				PRODUCT_NAME = "$(TARGET_NAME)";
				TEST_HOST = "$(BUILT_PRODUCTS_DIR)/MYPlaceHolder.app/MYPlaceHolder";
			};
			name = Debug;
		};
		4C611D3A1EE648C80067577F /* Release */ = {
			isa = XCBuildConfiguration;
			buildSettings = {
				BUNDLE_LOADER = "$(TEST_HOST)";
				INFOPLIST_FILE = MYPlaceHolderTests/Info.plist;
				LD_RUNPATH_SEARCH_PATHS = "$(inherited) @executable_path/Frameworks @loader_path/Frameworks";
				PRODUCT_BUNDLE_IDENTIFIER = com.51fanxing.MYPlaceHolderTests;
				PRODUCT_NAME = "$(TARGET_NAME)";
				TEST_HOST = "$(BUILT_PRODUCTS_DIR)/MYPlaceHolder.app/MYPlaceHolder";
			};
			name = Release;
		};
		4C611D3C1EE648C80067577F /* Debug */ = {
			isa = XCBuildConfiguration;
			buildSettings = {
				INFOPLIST_FILE = MYPlaceHolderUITests/Info.plist;
				LD_RUNPATH_SEARCH_PATHS = "$(inherited) @executable_path/Frameworks @loader_path/Frameworks";
				PRODUCT_BUNDLE_IDENTIFIER = com.51fanxing.MYPlaceHolderUITests;
				PRODUCT_NAME = "$(TARGET_NAME)";
				TEST_TARGET_NAME = MYPlaceHolder;
			};
			name = Debug;
		};
		4C611D3D1EE648C80067577F /* Release */ = {
			isa = XCBuildConfiguration;
			buildSettings = {
				INFOPLIST_FILE = MYPlaceHolderUITests/Info.plist;
				LD_RUNPATH_SEARCH_PATHS = "$(inherited) @executable_path/Frameworks @loader_path/Frameworks";
				PRODUCT_BUNDLE_IDENTIFIER = com.51fanxing.MYPlaceHolderUITests;
				PRODUCT_NAME = "$(TARGET_NAME)";
				TEST_TARGET_NAME = MYPlaceHolder;
			};
			name = Release;
		};
/* End XCBuildConfiguration section */

/* Begin XCConfigurationList section */
		4C611D031EE648C80067577F /* Build configuration list for PBXProject "MYPlaceHolder" */ = {
			isa = XCConfigurationList;
			buildConfigurations = (
				4C611D331EE648C80067577F /* Debug */,
				4C611D341EE648C80067577F /* Release */,
			);
			defaultConfigurationIsVisible = 0;
			defaultConfigurationName = Release;
		};
		4C611D351EE648C80067577F /* Build configuration list for PBXNativeTarget "MYPlaceHolder" */ = {
			isa = XCConfigurationList;
			buildConfigurations = (
				4C611D361EE648C80067577F /* Debug */,
				4C611D371EE648C80067577F /* Release */,
			);
			defaultConfigurationIsVisible = 0;
		};
		4C611D381EE648C80067577F /* Build configuration list for PBXNativeTarget "MYPlaceHolderTests" */ = {
			isa = XCConfigurationList;
			buildConfigurations = (
				4C611D391EE648C80067577F /* Debug */,
				4C611D3A1EE648C80067577F /* Release */,
			);
			defaultConfigurationIsVisible = 0;
		};
		4C611D3B1EE648C80067577F /* Build configuration list for PBXNativeTarget "MYPlaceHolderUITests" */ = {
			isa = XCConfigurationList;
			buildConfigurations = (
				4C611D3C1EE648C80067577F /* Debug */,
				4C611D3D1EE648C80067577F /* Release */,
			);
			defaultConfigurationIsVisible = 0;
		};
/* End XCConfigurationList section */
	};
	rootObject = 4C611D001EE648C80067577F /* Project object */;
}
